
Microsoft Visual Studio Solution File, Format Version 12.00
# Visual Studio Version 16
VisualStudioVersion = 16.0.30128.74
MinimumVisualStudioVersion = 10.0.40219.1
Project("{FAE04EC0-301F-11D3-BF4B-00C04F79EFBC}") = "02_PartyPlanner", "PartyPlanner\02_PartyPlanner.csproj", "{E0FD8F45-5D4F-436C-8760-B96618EF96BD}"
EndProject
Project("{FAE04EC0-301F-11D3-BF4B-00C04F79EFBC}") = "03_BeehiveManager", "BeehiveManager\03_BeehiveManager.csproj", "{32C94541-DBD3-466C-85A7-FE799B4DAE2E}"
EndProject
Project("{FAE04EC0-301F-11D3-BF4B-00C04F79EFBC}") = "04_ExploreTheHouse", "ExploreTheHouse\04_ExploreTheHouse.csproj", "{5F734E71-0AD8-423E-90D6-2F74C6410EB1}"
EndProject
Project("{FAE04EC0-301F-11D3-BF4B-00C04F79EFBC}") = "05_DeckOfCards", "DeckOfCards\05_DeckOfCards.csproj", "{CA7AB5F4-1C9C-4DF8-8B5E-0CA07B81E2EE}"
EndProject
Project("{FAE04EC0-301F-11D3-BF4B-00C04F79EFBC}") = "06_GoFish", "GoFish\06_GoFish.csproj", "{457BC3EF-3B73-44C3-ADBC-50BA5C80833F}"
EndProject
Project("{FAE04EC0-301F-11D3-BF4B-00C04F79EFBC}") = "07_TheMission", "TheMission\07_TheMission.csproj", "{08DE28A6-477C-4ADD-BAF4-0E05E961A96F}"
EndProject
Project("{FAE04EC0-301F-11D3-BF4B-00C04F79EFBC}") = "08_ExcuseManager", "ExcuseGenerator\08_ExcuseManager.csproj", "{426F84BF-5525-449A-9D84-B49D0A626CD0}"
EndProject
Project("{FAE04EC0-301F-11D3-BF4B-00C04F79EFBC}") = "09_BeehiveSimulator", "BeehiveSimulator\09_BeehiveSimulator.csproj", "{693EBE60-8799-4AB2-BD3F-66B5CB880B64}"
EndProject
Project("{FAE04EC0-301F-11D3-BF4B-00C04F79EFBC}") = "10_SpaceInvaders", "SpaceInvaders\10_SpaceInvaders.csproj", "{36B28CD4-139D-41D7-9132-75A764FA3631}"
EndProject
Project("{FAE04EC0-301F-11D3-BF4B-00C04F79EFBC}") = "01_RacingDay", "RacingDay\01_RacingDay.csproj", "{6C34F47E-961C-4B7F-A93D-A86A9CA090A7}"
EndProject
Global
	GlobalSection(SolutionConfigurationPlatforms) = preSolution
		Debug|Any CPU = Debug|Any CPU
		Release|Any CPU = Release|Any CPU
	EndGlobalSection
	GlobalSection(ProjectConfigurationPlatforms) = postSolution
		{E0FD8F45-5D4F-436C-8760-B96618EF96BD}.Debug|Any CPU.ActiveCfg = Debug|Any CPU
		{E0FD8F45-5D4F-436C-8760-B96618EF96BD}.Debug|Any CPU.Build.0 = Debug|Any CPU
		{E0FD8F45-5D4F-436C-8760-B96618EF96BD}.Release|Any CPU.ActiveCfg = Release|Any CPU
		{E0FD8F45-5D4F-436C-8760-B96618EF96BD}.Release|Any CPU.Build.0 = Release|Any CPU
		{32C94541-DBD3-466C-85A7-FE799B4DAE2E}.Debug|Any CPU.ActiveCfg = Debug|Any CPU
		{32C94541-DBD3-466C-85A7-FE799B4DAE2E}.Debug|Any CPU.Build.0 = Debug|Any CPU
		{32C94541-DBD3-466C-85A7-FE799B4DAE2E}.Release|Any CPU.ActiveCfg = Release|Any CPU
		{32C94541-DBD3-466C-85A7-FE799B4DAE2E}.Release|Any CPU.Build.0 = Release|Any CPU
		{5F734E71-0AD8-423E-90D6-2F74C6410EB1}.Debug|Any CPU.ActiveCfg = Debug|Any CPU
		{5F734E71-0AD8-423E-90D6-2F74C6410EB1}.Debug|Any CPU.Build.0 = Debug|Any CPU
		{5F734E71-0AD8-423E-90D6-2F74C6410EB1}.Release|Any CPU.ActiveCfg = Release|Any CPU
		{5F734E71-0AD8-423E-90D6-2F74C6410EB1}.Release|Any CPU.Build.0 = Release|Any CPU
		{CA7AB5F4-1C9C-4DF8-8B5E-0CA07B81E2EE}.Debug|Any CPU.ActiveCfg = Debug|Any CPU
		{CA7AB5F4-1C9C-4DF8-8B5E-0CA07B81E2EE}.Debug|Any CPU.Build.0 = Debug|Any CPU
		{CA7AB5F4-1C9C-4DF8-8B5E-0CA07B81E2EE}.Release|Any CPU.ActiveCfg = Release|Any CPU
		{CA7AB5F4-1C9C-4DF8-8B5E-0CA07B81E2EE}.Release|Any CPU.Build.0 = Release|Any CPU
		{457BC3EF-3B73-44C3-ADBC-50BA5C80833F}.Debug|Any CPU.ActiveCfg = Debug|Any CPU
		{457BC3EF-3B73-44C3-ADBC-50BA5C80833F}.Debug|Any CPU.Build.0 = Debug|Any CPU
		{457BC3EF-3B73-44C3-ADBC-50BA5C80833F}.Release|Any CPU.ActiveCfg = Release|Any CPU
		{457BC3EF-3B73-44C3-ADBC-50BA5C80833F}.Release|Any CPU.Build.0 = Release|Any CPU
		{08DE28A6-477C-4ADD-BAF4-0E05E961A96F}.Debug|Any CPU.ActiveCfg = Debug|Any CPU
		{08DE28A6-477C-4ADD-BAF4-0E05E961A96F}.Debug|Any CPU.Build.0 = Debug|Any CPU
		{08DE28A6-477C-4ADD-BAF4-0E05E961A96F}.Release|Any CPU.ActiveCfg = Release|Any CPU
		{08DE28A6-477C-4ADD-BAF4-0E05E961A96F}.Release|Any CPU.Build.0 = Release|Any CPU
		{426F84BF-5525-449A-9D84-B49D0A626CD0}.Debug|Any CPU.ActiveCfg = Debug|Any CPU
		{426F84BF-5525-449A-9D84-B49D0A626CD0}.Debug|Any CPU.Build.0 = Debug|Any CPU
		{426F84BF-5525-449A-9D84-B49D0A626CD0}.Release|Any CPU.ActiveCfg = Release|Any CPU
		{426F84BF-5525-449A-9D84-B49D0A626CD0}.Release|Any CPU.Build.0 = Release|Any CPU
		{693EBE60-8799-4AB2-BD3F-66B5CB880B64}.Debug|Any CPU.ActiveCfg = Debug|Any CPU
		{693EBE60-8799-4AB2-BD3F-66B5CB880B64}.Debug|Any CPU.Build.0 = Debug|Any CPU
		{693EBE60-8799-4AB2-BD3F-66B5CB880B64}.Release|Any CPU.ActiveCfg = Release|Any CPU
		{693EBE60-8799-4AB2-BD3F-66B5CB880B64}.Release|Any CPU.Build.0 = Release|Any CPU
		{36B28CD4-139D-41D7-9132-75A764FA3631}.Debug|Any CPU.ActiveCfg = Debug|Any CPU
		{36B28CD4-139D-41D7-9132-75A764FA3631}.Debug|Any CPU.Build.0 = Debug|Any CPU
		{36B28CD4-139D-41D7-9132-75A764FA3631}.Release|Any CPU.ActiveCfg = Release|Any CPU
		{36B28CD4-139D-41D7-9132-75A764FA3631}.Release|Any CPU.Build.0 = Release|Any CPU
		{6C34F47E-961C-4B7F-A93D-A86A9CA090A7}.Debug|Any CPU.ActiveCfg = Debug|Any CPU
		{6C34F47E-961C-4B7F-A93D-A86A9CA090A7}.Debug|Any CPU.Build.0 = Debug|Any CPU
		{6C34F47E-961C-4B7F-A93D-A86A9CA090A7}.Release|Any CPU.ActiveCfg = Release|Any CPU
		{6C34F47E-961C-4B7F-A93D-A86A9CA090A7}.Release|Any CPU.Build.0 = Release|Any CPU
	EndGlobalSection
	GlobalSection(SolutionProperties) = preSolution
		HideSolutionNode = FALSE
	EndGlobalSection
	GlobalSection(ExtensibilityGlobals) = postSolution
		SolutionGuid = {569BF18A-F4E4-40CC-998C-BAD81A39E154}
	EndGlobalSection
EndGlobal
