
Microsoft Visual Studio Solution File, Format Version 12.00
# Visual Studio 15
VisualStudioVersion = 15.0.28307.852
MinimumVisualStudioVersion = 10.0.40219.1
Project("{FAE04EC0-301F-11D3-BF4B-00C04F79EFBC}") = "Contacts", "Contacts\Contacts.csproj", "{354F0AD9-A11E-45A1-8CAB-51D64557F70E}"
EndProject
Project("{FAE04EC0-301F-11D3-BF4B-00C04F79EFBC}") = "RacingDay", "RacingDay\RacingDay.csproj", "{FA8060C6-256C-4ED7-A2D2-DDAB1D0C78C4}"
EndProject
Project("{FAE04EC0-301F-11D3-BF4B-00C04F79EFBC}") = "PartyPlanner", "PartyPlanner\PartyPlanner.csproj", "{E0FD8F45-5D4F-436C-8760-B96618EF96BD}"
EndProject
Project("{FAE04EC0-301F-11D3-BF4B-00C04F79EFBC}") = "BeehiveManager", "BeehiveManager\BeehiveManager.csproj", "{32C94541-DBD3-466C-85A7-FE799B4DAE2E}"
EndProject
Project("{FAE04EC0-301F-11D3-BF4B-00C04F79EFBC}") = "ExploreTheHouse", "ExploreTheHouse\ExploreTheHouse.csproj", "{5F734E71-0AD8-423E-90D6-2F74C6410EB1}"
EndProject
Project("{FAE04EC0-301F-11D3-BF4B-00C04F79EFBC}") = "DeckOfCards", "DeckOfCards\DeckOfCards.csproj", "{CA7AB5F4-1C9C-4DF8-8B5E-0CA07B81E2EE}"
EndProject
Project("{FAE04EC0-301F-11D3-BF4B-00C04F79EFBC}") = "GoFish", "GoFish\GoFish.csproj", "{457BC3EF-3B73-44C3-ADBC-50BA5C80833F}"
EndProject
Project("{FAE04EC0-301F-11D3-BF4B-00C04F79EFBC}") = "TheMission", "TheMission\TheMission.csproj", "{08DE28A6-477C-4ADD-BAF4-0E05E961A96F}"
EndProject
Project("{FAE04EC0-301F-11D3-BF4B-00C04F79EFBC}") = "ExcuseManager", "ExcuseGenerator\ExcuseManager.csproj", "{426F84BF-5525-449A-9D84-B49D0A626CD0}"
EndProject
Project("{FAE04EC0-301F-11D3-BF4B-00C04F79EFBC}") = "BeehiveSimulator", "BeehiveSimulator\BeehiveSimulator.csproj", "{693EBE60-8799-4AB2-BD3F-66B5CB880B64}"
EndProject
Global
	GlobalSection(SolutionConfigurationPlatforms) = preSolution
		Debug|Any CPU = Debug|Any CPU
		Release|Any CPU = Release|Any CPU
	EndGlobalSection
	GlobalSection(ProjectConfigurationPlatforms) = postSolution
		{354F0AD9-A11E-45A1-8CAB-51D64557F70E}.Debug|Any CPU.ActiveCfg = Debug|Any CPU
		{354F0AD9-A11E-45A1-8CAB-51D64557F70E}.Debug|Any CPU.Build.0 = Debug|Any CPU
		{354F0AD9-A11E-45A1-8CAB-51D64557F70E}.Release|Any CPU.ActiveCfg = Release|Any CPU
		{354F0AD9-A11E-45A1-8CAB-51D64557F70E}.Release|Any CPU.Build.0 = Release|Any CPU
		{FA8060C6-256C-4ED7-A2D2-DDAB1D0C78C4}.Debug|Any CPU.ActiveCfg = Debug|Any CPU
		{FA8060C6-256C-4ED7-A2D2-DDAB1D0C78C4}.Debug|Any CPU.Build.0 = Debug|Any CPU
		{FA8060C6-256C-4ED7-A2D2-DDAB1D0C78C4}.Release|Any CPU.ActiveCfg = Release|Any CPU
		{FA8060C6-256C-4ED7-A2D2-DDAB1D0C78C4}.Release|Any CPU.Build.0 = Release|Any CPU
		{E0FD8F45-5D4F-436C-8760-B96618EF96BD}.Debug|Any CPU.ActiveCfg = Debug|Any CPU
		{E0FD8F45-5D4F-436C-8760-B96618EF96BD}.Debug|Any CPU.Build.0 = Debug|Any CPU
		{E0FD8F45-5D4F-436C-8760-B96618EF96BD}.Release|Any CPU.ActiveCfg = Release|Any CPU
		{E0FD8F45-5D4F-436C-8760-B96618EF96BD}.Release|Any CPU.Build.0 = Release|Any CPU
		{32C94541-DBD3-466C-85A7-FE799B4DAE2E}.Debug|Any CPU.ActiveCfg = Debug|Any CPU
		{32C94541-DBD3-466C-85A7-FE799B4DAE2E}.Debug|Any CPU.Build.0 = Debug|Any CPU
		{32C94541-DBD3-466C-85A7-FE799B4DAE2E}.Release|Any CPU.ActiveCfg = Release|Any CPU
		{32C94541-DBD3-466C-85A7-FE799B4DAE2E}.Release|Any CPU.Build.0 = Release|Any CPU
		{5F734E71-0AD8-423E-90D6-2F74C6410EB1}.Debug|Any CPU.ActiveCfg = Debug|Any CPU
		{5F734E71-0AD8-423E-90D6-2F74C6410EB1}.Debug|Any CPU.Build.0 = Debug|Any CPU
		{5F734E71-0AD8-423E-90D6-2F74C6410EB1}.Release|Any CPU.ActiveCfg = Release|Any CPU
		{5F734E71-0AD8-423E-90D6-2F74C6410EB1}.Release|Any CPU.Build.0 = Release|Any CPU
		{CA7AB5F4-1C9C-4DF8-8B5E-0CA07B81E2EE}.Debug|Any CPU.ActiveCfg = Debug|Any CPU
		{CA7AB5F4-1C9C-4DF8-8B5E-0CA07B81E2EE}.Debug|Any CPU.Build.0 = Debug|Any CPU
		{CA7AB5F4-1C9C-4DF8-8B5E-0CA07B81E2EE}.Release|Any CPU.ActiveCfg = Release|Any CPU
		{CA7AB5F4-1C9C-4DF8-8B5E-0CA07B81E2EE}.Release|Any CPU.Build.0 = Release|Any CPU
		{457BC3EF-3B73-44C3-ADBC-50BA5C80833F}.Debug|Any CPU.ActiveCfg = Debug|Any CPU
		{457BC3EF-3B73-44C3-ADBC-50BA5C80833F}.Debug|Any CPU.Build.0 = Debug|Any CPU
		{457BC3EF-3B73-44C3-ADBC-50BA5C80833F}.Release|Any CPU.ActiveCfg = Release|Any CPU
		{457BC3EF-3B73-44C3-ADBC-50BA5C80833F}.Release|Any CPU.Build.0 = Release|Any CPU
		{08DE28A6-477C-4ADD-BAF4-0E05E961A96F}.Debug|Any CPU.ActiveCfg = Debug|Any CPU
		{08DE28A6-477C-4ADD-BAF4-0E05E961A96F}.Debug|Any CPU.Build.0 = Debug|Any CPU
		{08DE28A6-477C-4ADD-BAF4-0E05E961A96F}.Release|Any CPU.ActiveCfg = Release|Any CPU
		{08DE28A6-477C-4ADD-BAF4-0E05E961A96F}.Release|Any CPU.Build.0 = Release|Any CPU
		{426F84BF-5525-449A-9D84-B49D0A626CD0}.Debug|Any CPU.ActiveCfg = Debug|Any CPU
		{426F84BF-5525-449A-9D84-B49D0A626CD0}.Debug|Any CPU.Build.0 = Debug|Any CPU
		{426F84BF-5525-449A-9D84-B49D0A626CD0}.Release|Any CPU.ActiveCfg = Release|Any CPU
		{426F84BF-5525-449A-9D84-B49D0A626CD0}.Release|Any CPU.Build.0 = Release|Any CPU
		{693EBE60-8799-4AB2-BD3F-66B5CB880B64}.Debug|Any CPU.ActiveCfg = Debug|Any CPU
		{693EBE60-8799-4AB2-BD3F-66B5CB880B64}.Debug|Any CPU.Build.0 = Debug|Any CPU
		{693EBE60-8799-4AB2-BD3F-66B5CB880B64}.Release|Any CPU.ActiveCfg = Release|Any CPU
		{693EBE60-8799-4AB2-BD3F-66B5CB880B64}.Release|Any CPU.Build.0 = Release|Any CPU
	EndGlobalSection
	GlobalSection(SolutionProperties) = preSolution
		HideSolutionNode = FALSE
	EndGlobalSection
	GlobalSection(ExtensibilityGlobals) = postSolution
		SolutionGuid = {569BF18A-F4E4-40CC-998C-BAD81A39E154}
	EndGlobalSection
EndGlobal
